{
  "nodes": {
    "bend2": {
      "inputs": {
        "nixpkgs": [
          "nixpkgs"
        ]
      },
      "locked": {
        "lastModified": 1790360935,
        "narHash": "sha256-I7oxFOWI7mta3UgntNj5oyYF8BqUaSEcLlZ7cnJATJM=",
        "owner": "hhefesto",
        "repo": "bend2",
        "rev": "1b877d3fb118bb717d3a808f3bfbf24164486e5a",
        "type": "github"
      },
      "original": {
        "owner": "hhefesto",
        "ref": "ft-kernels",
        "repo": "bend2",
        "type": "github"
      }
    },
    "nixpkgs": {
      "locked": {
        "lastModified": 1783522502,
        "narHash": "sha256-iffAls3iaNTyJC2faYcUXSI+Gp02cDjYl+MygxKl2GI=",
        "owner": "NixOS",
        "repo": "nixpkgs",
        "rev": "0bb7ec54c8483066ec9d7720e780a5caa71f8612",
        "type": "github"
      },
      "original": {
        "owner": "NixOS",
        "ref": "nixos-unstable",
        "repo": "nixpkgs",
        "type": "github"
      }
    },
    "root": {
      "inputs": {
        "bend2": "bend2",
        "nixpkgs": "nixpkgs"
      }
    }
  },
  "root": "root",
  "version": 7
}
